<?xml version="1.0" encoding="utf-8"?>
<Project ToolsVersion="4.0" xmlns="http://schemas.microsoft.com/developer/msbuild/2003">
  <ItemGroup>
    <Filter Include="Pliki źródłowe">
      <UniqueIdentifier>{4FC737F1-C7A5-4376-A066-2A32D752A2FF}</UniqueIdentifier>
      <Extensions>cpp;c;cc;cxx;def;odl;idl;hpj;bat;asm;asmx</Extensions>
    </Filter>
    <Filter Include="Pliki nagłówkowe">
      <UniqueIdentifier>{93995380-89BD-4b04-88EB-625FBE52EBFB}</UniqueIdentifier>
      <Extensions>h;hh;hpp;hxx;hm;inl;inc;xsd</Extensions>
    </Filter>
    <Filter Include="Pliki zasobów">
      <UniqueIdentifier>{67DA6AB6-F800-4c08-8B7A-83BB121AAD01}</UniqueIdentifier>
      <Extensions>rc;ico;cur;bmp;dlg;rc2;rct;bin;rgs;gif;jpg;jpeg;jpe;resx;tiff;tif;png;wav;mfcribbon-ms</Extensions>
    </Filter>
    <Filter Include="Pliki nagłówkowe\Light">
      <UniqueIdentifier>{a1ee12bf-f411-443a-a98d-282f37ffb9c4}</UniqueIdentifier>
    </Filter>
    <Filter Include="Pliki nagłówkowe\Model">
      <UniqueIdentifier>{dc03f672-479e-4610-be90-6a115965618b}</UniqueIdentifier>
    </Filter>
    <Filter Include="Pliki nagłówkowe\Window">
      <UniqueIdentifier>{20ed995a-2075-4752-b14b-de9bb9659cea}</UniqueIdentifier>
    </Filter>
    <Filter Include="Pliki nagłówkowe\Scene">
      <UniqueIdentifier>{68523e4c-65db-429b-be17-7d048e53ff24}</UniqueIdentifier>
    </Filter>
    <Filter Include="Pliki nagłówkowe\Shader">
      <UniqueIdentifier>{45f382c5-6c88-46eb-9d12-05e6d1fc51d3}</UniqueIdentifier>
    </Filter>
    <Filter Include="Pliki nagłówkowe\Texture">
      <UniqueIdentifier>{0796094c-3b5d-4329-9061-23282703cd47}</UniqueIdentifier>
    </Filter>
    <Filter Include="Pliki źródłowe\Model">
      <UniqueIdentifier>{d230ea5c-52cf-49c8-902d-322c05a59279}</UniqueIdentifier>
    </Filter>
    <Filter Include="Pliki źródłowe\Window">
      <UniqueIdentifier>{fc8d9bcf-c05a-4ac9-9a01-ef290338d0e6}</UniqueIdentifier>
    </Filter>
    <Filter Include="Pliki źródłowe\Scene">
      <UniqueIdentifier>{db788a4b-2a1c-477c-ba4e-cf203ebbae93}</UniqueIdentifier>
    </Filter>
    <Filter Include="Pliki źródłowe\Shader">
      <UniqueIdentifier>{c4f389f1-04c3-4da7-82c0-a43aaea0a996}</UniqueIdentifier>
    </Filter>
    <Filter Include="Pliki źródłowe\Texture">
      <UniqueIdentifier>{3c4b3ece-60ce-4f48-a5ef-b49ea9dbe73f}</UniqueIdentifier>
    </Filter>
  </ItemGroup>
  <ItemGroup>
    <ClInclude Include="vs_adapter.h">
      <Filter>Pliki nagłówkowe</Filter>
    </ClInclude>
    <ClInclude Include="Light\light.h">
      <Filter>Pliki nagłówkowe\Light</Filter>
    </ClInclude>
    <ClInclude Include="Model\compositemodel.h">
      <Filter>Pliki nagłówkowe\Model</Filter>
    </ClInclude>
    <ClInclude Include="Model\mesh.h">
      <Filter>Pliki nagłówkowe\Model</Filter>
    </ClInclude>
    <ClInclude Include="Model\model.h">
      <Filter>Pliki nagłówkowe\Model</Filter>
    </ClInclude>
    <ClInclude Include="Model\PrimitiveFactory.h">
      <Filter>Pliki nagłówkowe\Model</Filter>
    </ClInclude>
    <ClInclude Include="Model\simplemodel.h">
      <Filter>Pliki nagłówkowe\Model</Filter>
    </ClInclude>
    <ClInclude Include="Window\window.h">
      <Filter>Pliki nagłówkowe\Window</Filter>
    </ClInclude>
    <ClInclude Include="Scene\camera.h">
      <Filter>Pliki nagłówkowe\Scene</Filter>
    </ClInclude>
    <ClInclude Include="Scene\parameters.h">
      <Filter>Pliki nagłówkowe\Scene</Filter>
    </ClInclude>
    <ClInclude Include="Scene\render.h">
      <Filter>Pliki nagłówkowe\Scene</Filter>
    </ClInclude>
    <ClInclude Include="Scene\scene.h">
      <Filter>Pliki nagłówkowe\Scene</Filter>
    </ClInclude>
    <ClInclude Include="Texture\texture.h">
      <Filter>Pliki nagłówkowe\Texture</Filter>
    </ClInclude>
    <ClInclude Include="Shader\shprogram.h">
      <Filter>Pliki nagłówkowe\Shader</Filter>
    </ClInclude>
  </ItemGroup>
  <ItemGroup>
    <ClCompile Include="main.cpp">
      <Filter>Pliki źródłowe</Filter>
    </ClCompile>
    <ClCompile Include="Model\compositemodel.cpp">
      <Filter>Pliki źródłowe\Model</Filter>
    </ClCompile>
    <ClCompile Include="Model\mesh.cpp">
      <Filter>Pliki źródłowe\Model</Filter>
    </ClCompile>
    <ClCompile Include="Model\PrimitiveFactory.cpp">
      <Filter>Pliki źródłowe\Model</Filter>
    </ClCompile>
    <ClCompile Include="Model\simplemodel.cpp">
      <Filter>Pliki źródłowe\Model</Filter>
    </ClCompile>
    <ClCompile Include="Scene\camera.cpp">
      <Filter>Pliki źródłowe\Scene</Filter>
    </ClCompile>
    <ClCompile Include="Scene\render.cpp">
      <Filter>Pliki źródłowe\Scene</Filter>
    </ClCompile>
    <ClCompile Include="Scene\scene.cpp">
      <Filter>Pliki źródłowe\Scene</Filter>
    </ClCompile>
    <ClCompile Include="Shader\shprogram.cpp">
      <Filter>Pliki źródłowe\Shader</Filter>
    </ClCompile>
    <ClCompile Include="Texture\texture.cpp">
      <Filter>Pliki źródłowe\Texture</Filter>
    </ClCompile>
    <ClCompile Include="Window\window.cpp">
      <Filter>Pliki źródłowe\Window</Filter>
    </ClCompile>
  </ItemGroup>
  <ItemGroup>
    <None Include="Shader\gl_06.frag">
      <Filter>Pliki nagłówkowe\Shader</Filter>
    </None>
    <None Include="Shader\gl_06.vert">
      <Filter>Pliki nagłówkowe\Shader</Filter>
    </None>
    <None Include="Shader\skybox.frag">
      <Filter>Pliki nagłówkowe\Shader</Filter>
    </None>
    <None Include="Shader\skybox.vert">
      <Filter>Pliki nagłówkowe\Shader</Filter>
    </None>
  </ItemGroup>
</Project>